
Microsoft Visual Studio Solution File, Format Version 12.00
# Visual Studio 15
VisualStudioVersion = 15.0.28010.2041
MinimumVisualStudioVersion = 10.0.40219.1
Project("{FAE04EC0-301F-11D3-BF4B-00C04F79EFBC}") = "food Delivery v 0.0", "food Delivery v 0.0\food Delivery v 0.0.csproj", "{1E57F6CD-356F-4BB5-91A8-AF7EAD476F4C}"
EndProject
Global
	GlobalSection(SolutionConfigurationPlatforms) = preSolution
		Debug|Any CPU = Debug|Any CPU
		Release|Any CPU = Release|Any CPU
	EndGlobalSection
	GlobalSection(ProjectConfigurationPlatforms) = postSolution
		{1E57F6CD-356F-4BB5-91A8-AF7EAD476F4C}.Debug|Any CPU.ActiveCfg = Debug|Any CPU
		{1E57F6CD-356F-4BB5-91A8-AF7EAD476F4C}.Debug|Any CPU.Build.0 = Debug|Any CPU
		{1E57F6CD-356F-4BB5-91A8-AF7EAD476F4C}.Release|Any CPU.ActiveCfg = Release|Any CPU
		{1E57F6CD-356F-4BB5-91A8-AF7EAD476F4C}.Release|Any CPU.Build.0 = Release|Any CPU
	EndGlobalSection
	GlobalSection(SolutionProperties) = preSolution
		HideSolutionNode = FALSE
	EndGlobalSection
	GlobalSection(ExtensibilityGlobals) = postSolution
		SolutionGuid = {08C4157D-801C-4FCC-9857-15EC4FE41274}
	EndGlobalSection
EndGlobal
